
Microsoft Visual Studio Solution File, Format Version 12.00
# Visual Studio Version 16
VisualStudioVersion = 16.0.29806.167
MinimumVisualStudioVersion = 10.0.40219.1
Project("{8BC9CEB8-8B4A-11D0-8D11-00A0C91BC942}") = "Homework07", "Homework07\Homework07.vcxproj", "{080F0D7C-387B-49DF-B9FD-913878997956}"
EndProject
Global
	GlobalSection(SolutionConfigurationPlatforms) = preSolution
		Debug|x64 = Debug|x64
		Debug|x86 = Debug|x86
		Release|x64 = Release|x64
		Release|x86 = Release|x86
	EndGlobalSection
	GlobalSection(ProjectConfigurationPlatforms) = postSolution
		{080F0D7C-387B-49DF-B9FD-913878997956}.Debug|x64.ActiveCfg = Debug|x64
		{080F0D7C-387B-49DF-B9FD-913878997956}.Debug|x64.Build.0 = Debug|x64
		{080F0D7C-387B-49DF-B9FD-913878997956}.Debug|x86.ActiveCfg = Debug|Win32
		{080F0D7C-387B-49DF-B9FD-913878997956}.Debug|x86.Build.0 = Debug|Win32
		{080F0D7C-387B-49DF-B9FD-913878997956}.Release|x64.ActiveCfg = Release|x64
		{080F0D7C-387B-49DF-B9FD-913878997956}.Release|x64.Build.0 = Release|x64
		{080F0D7C-387B-49DF-B9FD-913878997956}.Release|x86.ActiveCfg = Release|Win32
		{080F0D7C-387B-49DF-B9FD-913878997956}.Release|x86.Build.0 = Release|Win32
	EndGlobalSection
	GlobalSection(SolutionProperties) = preSolution
		HideSolutionNode = FALSE
	EndGlobalSection
	GlobalSection(ExtensibilityGlobals) = postSolution
		SolutionGuid = {623C27D6-E244-4C81-A751-E240140C7B8F}
	EndGlobalSection
EndGlobal
